
Microsoft Visual Studio Solution File, Format Version 12.00
# Visual Studio Version 17
VisualStudioVersion = 17.14.36414.22 d17.14
MinimumVisualStudioVersion = 10.0.40219.1
Project("{FAE04EC0-301F-11D3-BF4B-00C04F79EFBC}") = "Kolekcje3p", "Kolekcje3p\Kolekcje3p.csproj", "{62043FE7-88BF-4B15-AA61-FB9D9E443DF4}"
EndProject
Global
	GlobalSection(SolutionConfigurationPlatforms) = preSolution
		Debug|Any CPU = Debug|Any CPU
		Release|Any CPU = Release|Any CPU
	EndGlobalSection
	GlobalSection(ProjectConfigurationPlatforms) = postSolution
		{62043FE7-88BF-4B15-AA61-FB9D9E443DF4}.Debug|Any CPU.ActiveCfg = Debug|Any CPU
		{62043FE7-88BF-4B15-AA61-FB9D9E443DF4}.Debug|Any CPU.Build.0 = Debug|Any CPU
		{62043FE7-88BF-4B15-AA61-FB9D9E443DF4}.Release|Any CPU.ActiveCfg = Release|Any CPU
		{62043FE7-88BF-4B15-AA61-FB9D9E443DF4}.Release|Any CPU.Build.0 = Release|Any CPU
	EndGlobalSection
	GlobalSection(SolutionProperties) = preSolution
		HideSolutionNode = FALSE
	EndGlobalSection
	GlobalSection(ExtensibilityGlobals) = postSolution
		SolutionGuid = {0CC9D165-7C31-49DE-87AF-83DBD16476C7}
	EndGlobalSection
EndGlobal
